
Microsoft Visual Studio Solution File, Format Version 12.00
# Visual Studio Version 16
VisualStudioVersion = 16.0.29509.3
MinimumVisualStudioVersion = 10.0.40219.1
Project("{FAE04EC0-301F-11D3-BF4B-00C04F79EFBC}") = "SNSSQSDemo.SNS", "SNSSQSDemo.SNS\SNSSQSDemo.SNS.csproj", "{5DEC4E9E-B817-4884-9F9D-B6A7A7F6B90E}"
EndProject
Project("{FAE04EC0-301F-11D3-BF4B-00C04F79EFBC}") = "SNSSQSDemo.SQS", "SNSSQSDemo.SQS\SNSSQSDemo.SQS.csproj", "{6F187964-E36D-47A6-AF09-2B1096CFD84B}"
EndProject
Global
	GlobalSection(SolutionConfigurationPlatforms) = preSolution
		Debug|Any CPU = Debug|Any CPU
		Release|Any CPU = Release|Any CPU
	EndGlobalSection
	GlobalSection(ProjectConfigurationPlatforms) = postSolution
		{5DEC4E9E-B817-4884-9F9D-B6A7A7F6B90E}.Debug|Any CPU.ActiveCfg = Debug|Any CPU
		{5DEC4E9E-B817-4884-9F9D-B6A7A7F6B90E}.Debug|Any CPU.Build.0 = Debug|Any CPU
		{5DEC4E9E-B817-4884-9F9D-B6A7A7F6B90E}.Release|Any CPU.ActiveCfg = Release|Any CPU
		{5DEC4E9E-B817-4884-9F9D-B6A7A7F6B90E}.Release|Any CPU.Build.0 = Release|Any CPU
		{6F187964-E36D-47A6-AF09-2B1096CFD84B}.Debug|Any CPU.ActiveCfg = Debug|Any CPU
		{6F187964-E36D-47A6-AF09-2B1096CFD84B}.Debug|Any CPU.Build.0 = Debug|Any CPU
		{6F187964-E36D-47A6-AF09-2B1096CFD84B}.Release|Any CPU.ActiveCfg = Release|Any CPU
		{6F187964-E36D-47A6-AF09-2B1096CFD84B}.Release|Any CPU.Build.0 = Release|Any CPU
	EndGlobalSection
	GlobalSection(SolutionProperties) = preSolution
		HideSolutionNode = FALSE
	EndGlobalSection
	GlobalSection(ExtensibilityGlobals) = postSolution
		SolutionGuid = {4F55B181-FDAC-4BF1-B1E0-6E91074DB0E2}
	EndGlobalSection
EndGlobal
